
Microsoft Visual Studio Solution File, Format Version 12.00
# Visual Studio Version 17
VisualStudioVersion = 17.1.32210.238
MinimumVisualStudioVersion = 10.0.40219.1
Project("{9A19103F-16F7-4668-BE54-9A1E7A4F7556}") = "Actual-Time-Spent", "Actual-Time-Spent\Actual-Time-Spent.csproj", "{64AA4E2D-3178-4042-AE5F-701B5770A6ED}"
EndProject
Global
	GlobalSection(SolutionConfigurationPlatforms) = preSolution
		Debug|Any CPU = Debug|Any CPU
		Release|Any CPU = Release|Any CPU
	EndGlobalSection
	GlobalSection(ProjectConfigurationPlatforms) = postSolution
		{64AA4E2D-3178-4042-AE5F-701B5770A6ED}.Debug|Any CPU.ActiveCfg = Debug|Any CPU
		{64AA4E2D-3178-4042-AE5F-701B5770A6ED}.Debug|Any CPU.Build.0 = Debug|Any CPU
		{64AA4E2D-3178-4042-AE5F-701B5770A6ED}.Release|Any CPU.ActiveCfg = Release|Any CPU
		{64AA4E2D-3178-4042-AE5F-701B5770A6ED}.Release|Any CPU.Build.0 = Release|Any CPU
	EndGlobalSection
	GlobalSection(SolutionProperties) = preSolution
		HideSolutionNode = FALSE
	EndGlobalSection
	GlobalSection(ExtensibilityGlobals) = postSolution
		SolutionGuid = {67464DE7-B7C6-4EAF-B53D-B6ED0EC41118}
	EndGlobalSection
EndGlobal
